// !$*UTF8*$!
{
	archiveVersion = 1;
	classes = {
	};
	objectVersion = 77;
	objects = {

/* Begin PBXBuildFile section */
		03C8449348212C034350A070 /* VisionOCRService.swift in Sources */ = {isa = PBXBuildFile; fileRef = E402CE5448EBD8A6FF12F04C /* VisionOCRService.swift */; };
		508601ED8080348D51DBFF63 /* WineRecApp.swift in Sources */ = {isa = PBXBuildFile; fileRef = FDECCAA5D6ABBD39F86F8425 /* WineRecApp.swift */; };
		5C4FA5F460DA5C11A71A87A3 /* WineRecUITests.swift in Sources */ = {isa = PBXBuildFile; fileRef = 7AF75CE0EF5A731FB0A71F20 /* WineRecUITests.swift */; };
		7143A0403CC72618146EA0A9 /* AppModel.swift in Sources */ = {isa = PBXBuildFile; fileRef = E51294050E7B50B77B65D1EC /* AppModel.swift */; };
		80C3C7BF6E40BDA35A5F6200 /* APIClient.swift in Sources */ = {isa = PBXBuildFile; fileRef = 3444851063480FF269A86066 /* APIClient.swift */; };
		861364942F4CCCAF85251D36 /* Assets.xcassets in Resources */ = {isa = PBXBuildFile; fileRef = 6E4B2C678EBF6A1F363390DC /* Assets.xcassets */; };
		D20F1C99E685B8DBA6B097E9 /* ContentView.swift in Sources */ = {isa = PBXBuildFile; fileRef = 17ACB3F753FBEC3CC7F7909E /* ContentView.swift */; };
		FC50A08FA59C485456E4A6E3 /* DomainModels.swift in Sources */ = {isa = PBXBuildFile; fileRef = 5F8FF8812A5C4A405B97C78A /* DomainModels.swift */; };
/* End PBXBuildFile section */

/* Begin PBXContainerItemProxy section */
		36FF6267C8EF6EDC56E11DCE /* PBXContainerItemProxy */ = {
			isa = PBXContainerItemProxy;
			containerPortal = 79F8814FC06BA11190170AF5 /* Project object */;
			proxyType = 1;
			remoteGlobalIDString = D071D05FC9984EDB5FB7EF4B;
			remoteInfo = WineRec;
		};
/* End PBXContainerItemProxy section */

/* Begin PBXFileReference section */
		17ACB3F753FBEC3CC7F7909E /* ContentView.swift */ = {isa = PBXFileReference; lastKnownFileType = sourcecode.swift; path = ContentView.swift; sourceTree = "<group>"; };
		3444851063480FF269A86066 /* APIClient.swift */ = {isa = PBXFileReference; lastKnownFileType = sourcecode.swift; path = APIClient.swift; sourceTree = "<group>"; };
		5F8FF8812A5C4A405B97C78A /* DomainModels.swift */ = {isa = PBXFileReference; lastKnownFileType = sourcecode.swift; path = DomainModels.swift; sourceTree = "<group>"; };
		6E4B2C678EBF6A1F363390DC /* Assets.xcassets */ = {isa = PBXFileReference; lastKnownFileType = folder.assetcatalog; path = Assets.xcassets; sourceTree = "<group>"; };
		7AF75CE0EF5A731FB0A71F20 /* WineRecUITests.swift */ = {isa = PBXFileReference; lastKnownFileType = sourcecode.swift; path = WineRecUITests.swift; sourceTree = "<group>"; };
		A4A0E245FB24265153753AE6 /* WineRec.app */ = {isa = PBXFileReference; includeInIndex = 0; lastKnownFileType = wrapper.application; path = WineRec.app; sourceTree = BUILT_PRODUCTS_DIR; };
		A93C929681741EE7AD88FFAA /* Info.plist */ = {isa = PBXFileReference; lastKnownFileType = text.plist; path = Info.plist; sourceTree = "<group>"; };
		B0F831C9F0F3BFCBACB33629 /* WineRecUITests.xctest */ = {isa = PBXFileReference; includeInIndex = 0; lastKnownFileType = wrapper.cfbundle; path = WineRecUITests.xctest; sourceTree = BUILT_PRODUCTS_DIR; };
		E402CE5448EBD8A6FF12F04C /* VisionOCRService.swift */ = {isa = PBXFileReference; lastKnownFileType = sourcecode.swift; path = VisionOCRService.swift; sourceTree = "<group>"; };
		E51294050E7B50B77B65D1EC /* AppModel.swift */ = {isa = PBXFileReference; lastKnownFileType = sourcecode.swift; path = AppModel.swift; sourceTree = "<group>"; };
		FDECCAA5D6ABBD39F86F8425 /* WineRecApp.swift */ = {isa = PBXFileReference; lastKnownFileType = sourcecode.swift; path = WineRecApp.swift; sourceTree = "<group>"; };
/* End PBXFileReference section */

/* Begin PBXGroup section */
		154A287921F4B88D5BF447D7 /* Products */ = {
			isa = PBXGroup;
			children = (
				A4A0E245FB24265153753AE6 /* WineRec.app */,
				B0F831C9F0F3BFCBACB33629 /* WineRecUITests.xctest */,
			);
			name = Products;
			sourceTree = "<group>";
		};
		159BFF7A4FD924A3218F291F /* WineRec */ = {
			isa = PBXGroup;
			children = (
				6E4B2C678EBF6A1F363390DC /* Assets.xcassets */,
				A93C929681741EE7AD88FFAA /* Info.plist */,
				FDECCAA5D6ABBD39F86F8425 /* WineRecApp.swift */,
				F18D61C2D730D5B8EFEB48A0 /* Models */,
				7106D062ED692CBECBAAD2E3 /* Views */,
			);
			path = WineRec;
			sourceTree = "<group>";
		};
		7106D062ED692CBECBAAD2E3 /* Views */ = {
			isa = PBXGroup;
			children = (
				17ACB3F753FBEC3CC7F7909E /* ContentView.swift */,
			);
			path = Views;
			sourceTree = "<group>";
		};
		75D540B29F198397FF6B2AC0 = {
			isa = PBXGroup;
			children = (
				159BFF7A4FD924A3218F291F /* WineRec */,
				A0319F92847DCAE98CD4C9D4 /* WineRecUITests */,
				154A287921F4B88D5BF447D7 /* Products */,
			);
			sourceTree = "<group>";
		};
		A0319F92847DCAE98CD4C9D4 /* WineRecUITests */ = {
			isa = PBXGroup;
			children = (
				7AF75CE0EF5A731FB0A71F20 /* WineRecUITests.swift */,
			);
			path = WineRecUITests;
			sourceTree = "<group>";
		};
		F18D61C2D730D5B8EFEB48A0 /* Models */ = {
			isa = PBXGroup;
			children = (
				3444851063480FF269A86066 /* APIClient.swift */,
				E51294050E7B50B77B65D1EC /* AppModel.swift */,
				5F8FF8812A5C4A405B97C78A /* DomainModels.swift */,
				E402CE5448EBD8A6FF12F04C /* VisionOCRService.swift */,
			);
			path = Models;
			sourceTree = "<group>";
		};
/* End PBXGroup section */

/* Begin PBXNativeTarget section */
		85AAF1A6B226B250E51BAACB /* WineRecUITests */ = {
			isa = PBXNativeTarget;
			buildConfigurationList = 853D0CE3B2AAFE1D011FAC90 /* Build configuration list for PBXNativeTarget "WineRecUITests" */;
			buildPhases = (
				CEFF318FEF04BDCCAFAD35CC /* Sources */,
			);
			buildRules = (
			);
			dependencies = (
				EA3D77E7A4757D99107DC417 /* PBXTargetDependency */,
			);
			name = WineRecUITests;
			packageProductDependencies = (
			);
			productName = WineRecUITests;
			productReference = B0F831C9F0F3BFCBACB33629 /* WineRecUITests.xctest */;
			productType = "com.apple.product-type.bundle.ui-testing";
		};
		D071D05FC9984EDB5FB7EF4B /* WineRec */ = {
			isa = PBXNativeTarget;
			buildConfigurationList = E05C5324A00CA16B055ACEEA /* Build configuration list for PBXNativeTarget "WineRec" */;
			buildPhases = (
				642FA289156CC43E55D651AE /* Sources */,
				4EFAA975DDC1EB1214B55ECB /* Resources */,
			);
			buildRules = (
			);
			dependencies = (
			);
			name = WineRec;
			packageProductDependencies = (
			);
			productName = WineRec;
			productReference = A4A0E245FB24265153753AE6 /* WineRec.app */;
			productType = "com.apple.product-type.application";
		};
/* End PBXNativeTarget section */

/* Begin PBXProject section */
		79F8814FC06BA11190170AF5 /* Project object */ = {
			isa = PBXProject;
			attributes = {
				BuildIndependentTargetsInParallel = YES;
				LastUpgradeCheck = 1430;
				TargetAttributes = {
					85AAF1A6B226B250E51BAACB = {
						DevelopmentTeam = "";
						ProvisioningStyle = Automatic;
						TestTargetID = D071D05FC9984EDB5FB7EF4B;
					};
					D071D05FC9984EDB5FB7EF4B = {
						DevelopmentTeam = "";
						ProvisioningStyle = Automatic;
					};
				};
			};
			buildConfigurationList = BD63501AD7EE3CC3C2AEAB6C /* Build configuration list for PBXProject "WineRec" */;
			developmentRegion = en;
			hasScannedForEncodings = 0;
			knownRegions = (
				Base,
				en,
			);
			mainGroup = 75D540B29F198397FF6B2AC0;
			minimizedProjectReferenceProxies = 1;
			preferredProjectObjectVersion = 77;
			productRefGroup = 154A287921F4B88D5BF447D7 /* Products */;
			projectDirPath = "";
			projectRoot = "";
			targets = (
				D071D05FC9984EDB5FB7EF4B /* WineRec */,
				85AAF1A6B226B250E51BAACB /* WineRecUITests */,
			);
		};
/* End PBXProject section */

/* Begin PBXResourcesBuildPhase section */
		4EFAA975DDC1EB1214B55ECB /* Resources */ = {
			isa = PBXResourcesBuildPhase;
			buildActionMask = 2147483647;
			files = (
				861364942F4CCCAF85251D36 /* Assets.xcassets in Resources */,
			);
			runOnlyForDeploymentPostprocessing = 0;
		};
/* End PBXResourcesBuildPhase section */

/* Begin PBXSourcesBuildPhase section */
		642FA289156CC43E55D651AE /* Sources */ = {
			isa = PBXSourcesBuildPhase;
			buildActionMask = 2147483647;
			files = (
				80C3C7BF6E40BDA35A5F6200 /* APIClient.swift in Sources */,
				7143A0403CC72618146EA0A9 /* AppModel.swift in Sources */,
				D20F1C99E685B8DBA6B097E9 /* ContentView.swift in Sources */,
				FC50A08FA59C485456E4A6E3 /* DomainModels.swift in Sources */,
				03C8449348212C034350A070 /* VisionOCRService.swift in Sources */,
				508601ED8080348D51DBFF63 /* WineRecApp.swift in Sources */,
			);
			runOnlyForDeploymentPostprocessing = 0;
		};
		CEFF318FEF04BDCCAFAD35CC /* Sources */ = {
			isa = PBXSourcesBuildPhase;
			buildActionMask = 2147483647;
			files = (
				5C4FA5F460DA5C11A71A87A3 /* WineRecUITests.swift in Sources */,
			);
			runOnlyForDeploymentPostprocessing = 0;
		};
/* End PBXSourcesBuildPhase section */

/* Begin PBXTargetDependency section */
		EA3D77E7A4757D99107DC417 /* PBXTargetDependency */ = {
			isa = PBXTargetDependency;
			target = D071D05FC9984EDB5FB7EF4B /* WineRec */;
			targetProxy = 36FF6267C8EF6EDC56E11DCE /* PBXContainerItemProxy */;
		};
/* End PBXTargetDependency section */

/* Begin XCBuildConfiguration section */
		34E74529243E7E50994CAE0C /* Debug */ = {
			isa = XCBuildConfiguration;
			buildSettings = {
				ALWAYS_SEARCH_USER_PATHS = NO;
				CLANG_ANALYZER_NONNULL = YES;
				CLANG_ANALYZER_NUMBER_OBJECT_CONVERSION = YES_AGGRESSIVE;
				CLANG_CXX_LANGUAGE_STANDARD = "gnu++14";
				CLANG_CXX_LIBRARY = "libc++";
				CLANG_ENABLE_MODULES = YES;
				CLANG_ENABLE_OBJC_ARC = YES;
				CLANG_ENABLE_OBJC_WEAK = YES;
				CLANG_WARN_BLOCK_CAPTURE_AUTORELEASING = YES;
				CLANG_WARN_BOOL_CONVERSION = YES;
				CLANG_WARN_COMMA = YES;
				CLANG_WARN_CONSTANT_CONVERSION = YES;
				CLANG_WARN_DEPRECATED_OBJC_IMPLEMENTATIONS = YES;
				CLANG_WARN_DIRECT_OBJC_ISA_USAGE = YES_ERROR;
				CLANG_WARN_DOCUMENTATION_COMMENTS = YES;
				CLANG_WARN_EMPTY_BODY = YES;
				CLANG_WARN_ENUM_CONVERSION = YES;
				CLANG_WARN_INFINITE_RECURSION = YES;
				CLANG_WARN_INT_CONVERSION = YES;
				CLANG_WARN_NON_LITERAL_NULL_CONVERSION = YES;
				CLANG_WARN_OBJC_IMPLICIT_RETAIN_SELF = YES;
				CLANG_WARN_OBJC_LITERAL_CONVERSION = YES;
				CLANG_WARN_OBJC_ROOT_CLASS = YES_ERROR;
				CLANG_WARN_QUOTED_INCLUDE_IN_FRAMEWORK_HEADER = YES;
				CLANG_WARN_RANGE_LOOP_ANALYSIS = YES;
				CLANG_WARN_STRICT_PROTOTYPES = YES;
				CLANG_WARN_SUSPICIOUS_MOVE = YES;
				CLANG_WARN_UNGUARDED_AVAILABILITY = YES_AGGRESSIVE;
				CLANG_WARN_UNREACHABLE_CODE = YES;
				CLANG_WARN__DUPLICATE_METHOD_MATCH = YES;
				COPY_PHASE_STRIP = NO;
				CURRENT_PROJECT_VERSION = 1;
				DEBUG_INFORMATION_FORMAT = dwarf;
				ENABLE_STRICT_OBJC_MSGSEND = YES;
				ENABLE_TESTABILITY = YES;
				GCC_C_LANGUAGE_STANDARD = gnu11;
				GCC_DYNAMIC_NO_PIC = NO;
				GCC_NO_COMMON_BLOCKS = YES;
				GCC_OPTIMIZATION_LEVEL = 0;
				GCC_PREPROCESSOR_DEFINITIONS = (
					"$(inherited)",
					"DEBUG=1",
				);
				GCC_WARN_64_TO_32_BIT_CONVERSION = YES;
				GCC_WARN_ABOUT_RETURN_TYPE = YES_ERROR;
				GCC_WARN_UNDECLARED_SELECTOR = YES;
				GCC_WARN_UNINITIALIZED_AUTOS = YES_AGGRESSIVE;
				GCC_WARN_UNUSED_FUNCTION = YES;
				GCC_WARN_UNUSED_VARIABLE = YES;
				INFOPLIST_KEY_UIApplicationSceneManifest_Generation = YES;
				INFOPLIST_KEY_UIApplicationSupportsIndirectInputEvents = YES;
				INFOPLIST_KEY_UILaunchScreen_Generation = YES;
				INFOPLIST_KEY_WINE_REC_API_BASE_URL = "$(WINE_REC_API_BASE_URL)";
				INFOPLIST_KEY_WineRecAPIBaseURL = "$(WINE_REC_API_BASE_URL)";
				IPHONEOS_DEPLOYMENT_TARGET = 17.0;
				MARKETING_VERSION = 1.0;
				MTL_ENABLE_DEBUG_INFO = INCLUDE_SOURCE;
				MTL_FAST_MATH = YES;
				ONLY_ACTIVE_ARCH = YES;
				PRODUCT_BUNDLE_IDENTIFIER = com.russellalgeo.WineRec;
				PRODUCT_NAME = WineRec;
				SDKROOT = iphoneos;
				SWIFT_ACTIVE_COMPILATION_CONDITIONS = DEBUG;
				SWIFT_OPTIMIZATION_LEVEL = "-Onone";
				SWIFT_VERSION = 5.1;
				TARGETED_DEVICE_FAMILY = 1;
				WINE_REC_API_BASE_URL = "https://wine-rec.vercel.app";
			};
			name = Debug;
		};
		5304231DDB6EA730E8FF894D /* Debug */ = {
			isa = XCBuildConfiguration;
			buildSettings = {
				ASSETCATALOG_COMPILER_APPICON_NAME = AppIcon;
				CODE_SIGN_IDENTITY = "iPhone Developer";
				CODE_SIGN_STYLE = Automatic;
				DEVELOPMENT_TEAM = "";
				GENERATE_INFOPLIST_FILE = NO;
				INFOPLIST_FILE = WineRec/Info.plist;
				INFOPLIST_KEY_CFBundleDisplayName = WineRec;
				INFOPLIST_KEY_LSRequiresIPhoneOS = YES;
				INFOPLIST_KEY_NSCameraUsageDescription = "Wine Rec uses the camera to capture wine lists and read them on-device with Apple Vision OCR.";
				INFOPLIST_KEY_NSPhotoLibraryUsageDescription = "Wine Rec uses selected photos so Apple Vision can read wine-list text on-device.";
				INFOPLIST_KEY_UIRequiredDeviceCapabilities = (
					armv7,
				);
				INFOPLIST_KEY_UISupportedInterfaceOrientations_iPhone = (
					UIInterfaceOrientationPortrait,
				);
				LD_RUNPATH_SEARCH_PATHS = (
					"$(inherited)",
					"@executable_path/Frameworks",
				);
				SDKROOT = iphoneos;
				TARGETED_DEVICE_FAMILY = "1,2";
			};
			name = Debug;
		};
		8A566C37562FC05CD87B3B8E /* Debug */ = {
			isa = XCBuildConfiguration;
			buildSettings = {
				BUNDLE_LOADER = "$(TEST_HOST)";
				CODE_SIGN_STYLE = Automatic;
				DEVELOPMENT_TEAM = "";
				GENERATE_INFOPLIST_FILE = YES;
				LD_RUNPATH_SEARCH_PATHS = (
					"$(inherited)",
					"@executable_path/Frameworks",
					"@loader_path/Frameworks",
				);
				PRODUCT_BUNDLE_IDENTIFIER = com.russellalgeo.WineRecUITests;
				PRODUCT_NAME = WineRecUITests;
				SDKROOT = iphoneos;
				TARGETED_DEVICE_FAMILY = "1,2";
				TEST_TARGET_NAME = WineRec;
			};
			name = Debug;
		};
		9D72976DA57A02E1FE8FFD89 /* Release */ = {
			isa = XCBuildConfiguration;
			buildSettings = {
				ALWAYS_SEARCH_USER_PATHS = NO;
				CLANG_ANALYZER_NONNULL = YES;
				CLANG_ANALYZER_NUMBER_OBJECT_CONVERSION = YES_AGGRESSIVE;
				CLANG_CXX_LANGUAGE_STANDARD = "gnu++14";
				CLANG_CXX_LIBRARY = "libc++";
				CLANG_ENABLE_MODULES = YES;
				CLANG_ENABLE_OBJC_ARC = YES;
				CLANG_ENABLE_OBJC_WEAK = YES;
				CLANG_WARN_BLOCK_CAPTURE_AUTORELEASING = YES;
				CLANG_WARN_BOOL_CONVERSION = YES;
				CLANG_WARN_COMMA = YES;
				CLANG_WARN_CONSTANT_CONVERSION = YES;
				CLANG_WARN_DEPRECATED_OBJC_IMPLEMENTATIONS = YES;
				CLANG_WARN_DIRECT_OBJC_ISA_USAGE = YES_ERROR;
				CLANG_WARN_DOCUMENTATION_COMMENTS = YES;
				CLANG_WARN_EMPTY_BODY = YES;
				CLANG_WARN_ENUM_CONVERSION = YES;
				CLANG_WARN_INFINITE_RECURSION = YES;
				CLANG_WARN_INT_CONVERSION = YES;
				CLANG_WARN_NON_LITERAL_NULL_CONVERSION = YES;
				CLANG_WARN_OBJC_IMPLICIT_RETAIN_SELF = YES;
				CLANG_WARN_OBJC_LITERAL_CONVERSION = YES;
				CLANG_WARN_OBJC_ROOT_CLASS = YES_ERROR;
				CLANG_WARN_QUOTED_INCLUDE_IN_FRAMEWORK_HEADER = YES;
				CLANG_WARN_RANGE_LOOP_ANALYSIS = YES;
				CLANG_WARN_STRICT_PROTOTYPES = YES;
				CLANG_WARN_SUSPICIOUS_MOVE = YES;
				CLANG_WARN_UNGUARDED_AVAILABILITY = YES_AGGRESSIVE;
				CLANG_WARN_UNREACHABLE_CODE = YES;
				CLANG_WARN__DUPLICATE_METHOD_MATCH = YES;
				COPY_PHASE_STRIP = NO;
				CURRENT_PROJECT_VERSION = 1;
				DEBUG_INFORMATION_FORMAT = "dwarf-with-dsym";
				ENABLE_NS_ASSERTIONS = NO;
				ENABLE_STRICT_OBJC_MSGSEND = YES;
				GCC_C_LANGUAGE_STANDARD = gnu11;
				GCC_NO_COMMON_BLOCKS = YES;
				GCC_WARN_64_TO_32_BIT_CONVERSION = YES;
				GCC_WARN_ABOUT_RETURN_TYPE = YES_ERROR;
				GCC_WARN_UNDECLARED_SELECTOR = YES;
				GCC_WARN_UNINITIALIZED_AUTOS = YES_AGGRESSIVE;
				GCC_WARN_UNUSED_FUNCTION = YES;
				GCC_WARN_UNUSED_VARIABLE = YES;
				INFOPLIST_KEY_UIApplicationSceneManifest_Generation = YES;
				INFOPLIST_KEY_UIApplicationSupportsIndirectInputEvents = YES;
				INFOPLIST_KEY_UILaunchScreen_Generation = YES;
				INFOPLIST_KEY_WINE_REC_API_BASE_URL = "$(WINE_REC_API_BASE_URL)";
				INFOPLIST_KEY_WineRecAPIBaseURL = "$(WINE_REC_API_BASE_URL)";
				IPHONEOS_DEPLOYMENT_TARGET = 17.0;
				MARKETING_VERSION = 1.0;
				MTL_ENABLE_DEBUG_INFO = NO;
				MTL_FAST_MATH = YES;
				PRODUCT_BUNDLE_IDENTIFIER = com.russellalgeo.WineRec;
				PRODUCT_NAME = WineRec;
				SDKROOT = iphoneos;
				SWIFT_COMPILATION_MODE = wholemodule;
				SWIFT_OPTIMIZATION_LEVEL = "-O";
				SWIFT_VERSION = 5.1;
				TARGETED_DEVICE_FAMILY = 1;
				WINE_REC_API_BASE_URL = "https://wine-rec.vercel.app";
			};
			name = Release;
		};
		BEA7A25F63B718BC0EBF666C /* Release */ = {
			isa = XCBuildConfiguration;
			buildSettings = {
				ASSETCATALOG_COMPILER_APPICON_NAME = AppIcon;
				CODE_SIGN_IDENTITY = "iPhone Developer";
				CODE_SIGN_STYLE = Automatic;
				DEVELOPMENT_TEAM = "";
				GENERATE_INFOPLIST_FILE = NO;
				INFOPLIST_FILE = WineRec/Info.plist;
				INFOPLIST_KEY_CFBundleDisplayName = WineRec;
				INFOPLIST_KEY_LSRequiresIPhoneOS = YES;
				INFOPLIST_KEY_NSCameraUsageDescription = "Wine Rec uses the camera to capture wine lists and read them on-device with Apple Vision OCR.";
				INFOPLIST_KEY_NSPhotoLibraryUsageDescription = "Wine Rec uses selected photos so Apple Vision can read wine-list text on-device.";
				INFOPLIST_KEY_UIRequiredDeviceCapabilities = (
					armv7,
				);
				INFOPLIST_KEY_UISupportedInterfaceOrientations_iPhone = (
					UIInterfaceOrientationPortrait,
				);
				LD_RUNPATH_SEARCH_PATHS = (
					"$(inherited)",
					"@executable_path/Frameworks",
				);
				SDKROOT = iphoneos;
				TARGETED_DEVICE_FAMILY = "1,2";
			};
			name = Release;
		};
		D5EFA83B0246F5E508C2BBC2 /* Release */ = {
			isa = XCBuildConfiguration;
			buildSettings = {
				BUNDLE_LOADER = "$(TEST_HOST)";
				CODE_SIGN_STYLE = Automatic;
				DEVELOPMENT_TEAM = "";
				GENERATE_INFOPLIST_FILE = YES;
				LD_RUNPATH_SEARCH_PATHS = (
					"$(inherited)",
					"@executable_path/Frameworks",
					"@loader_path/Frameworks",
				);
				PRODUCT_BUNDLE_IDENTIFIER = com.russellalgeo.WineRecUITests;
				PRODUCT_NAME = WineRecUITests;
				SDKROOT = iphoneos;
				TARGETED_DEVICE_FAMILY = "1,2";
				TEST_TARGET_NAME = WineRec;
			};
			name = Release;
		};
/* End XCBuildConfiguration section */

/* Begin XCConfigurationList section */
		853D0CE3B2AAFE1D011FAC90 /* Build configuration list for PBXNativeTarget "WineRecUITests" */ = {
			isa = XCConfigurationList;
			buildConfigurations = (
				8A566C37562FC05CD87B3B8E /* Debug */,
				D5EFA83B0246F5E508C2BBC2 /* Release */,
			);
			defaultConfigurationIsVisible = 0;
			defaultConfigurationName = Debug;
		};
		BD63501AD7EE3CC3C2AEAB6C /* Build configuration list for PBXProject "WineRec" */ = {
			isa = XCConfigurationList;
			buildConfigurations = (
				34E74529243E7E50994CAE0C /* Debug */,
				9D72976DA57A02E1FE8FFD89 /* Release */,
			);
			defaultConfigurationIsVisible = 0;
			defaultConfigurationName = Debug;
		};
		E05C5324A00CA16B055ACEEA /* Build configuration list for PBXNativeTarget "WineRec" */ = {
			isa = XCConfigurationList;
			buildConfigurations = (
				5304231DDB6EA730E8FF894D /* Debug */,
				BEA7A25F63B718BC0EBF666C /* Release */,
			);
			defaultConfigurationIsVisible = 0;
			defaultConfigurationName = Debug;
		};
/* End XCConfigurationList section */
	};
	rootObject = 79F8814FC06BA11190170AF5 /* Project object */;
}
